
Microsoft Visual Studio Solution File, Format Version 12.00
# Visual Studio 15
Project("{FAE04EC0-301F-11D3-BF4B-00C04F79EFBC}") = "Assembly-CSharp", "Assembly-CSharp.csproj", "{CBEE44B2-AC02-2D81-086E-310C52B2BE1D}"
EndProject
Project("{FAE04EC0-301F-11D3-BF4B-00C04F79EFBC}") = "Unity.XR.Interaction.Toolkit.Samples.StarterAssets", "Unity.XR.Interaction.Toolkit.Samples.StarterAssets.csproj", "{65F93FA9-09E5-3708-BDAF-BE93DCCBF9CC}"
EndProject
Project("{FAE04EC0-301F-11D3-BF4B-00C04F79EFBC}") = "Unity.XR.Interaction.Toolkit.Samples.DeviceSimulator", "Unity.XR.Interaction.Toolkit.Samples.DeviceSimulator.csproj", "{388D96B2-5D9F-17D4-C1AF-B87D80019AF2}"
EndProject
Project("{FAE04EC0-301F-11D3-BF4B-00C04F79EFBC}") = "Unity.XR.Interaction.Toolkit.Samples.StarterAssets.Editor", "Unity.XR.Interaction.Toolkit.Samples.StarterAssets.Editor.csproj", "{5145132D-4172-27DB-20A2-6824238600B8}"
EndProject
Global
	GlobalSection(SolutionConfigurationPlatforms) = preSolution
		Debug|Any CPU = Debug|Any CPU
		Release|Any CPU = Release|Any CPU
	EndGlobalSection
	GlobalSection(ProjectConfigurationPlatforms) = postSolution
		{CBEE44B2-AC02-2D81-086E-310C52B2BE1D}.Debug|Any CPU.ActiveCfg = Debug|Any CPU
		{CBEE44B2-AC02-2D81-086E-310C52B2BE1D}.Debug|Any CPU.Build.0 = Debug|Any CPU
		{CBEE44B2-AC02-2D81-086E-310C52B2BE1D}.Release|Any CPU.ActiveCfg = Release|Any CPU
		{CBEE44B2-AC02-2D81-086E-310C52B2BE1D}.Release|Any CPU.Build.0 = Release|Any CPU
		{65F93FA9-09E5-3708-BDAF-BE93DCCBF9CC}.Debug|Any CPU.ActiveCfg = Debug|Any CPU
		{65F93FA9-09E5-3708-BDAF-BE93DCCBF9CC}.Debug|Any CPU.Build.0 = Debug|Any CPU
		{65F93FA9-09E5-3708-BDAF-BE93DCCBF9CC}.Release|Any CPU.ActiveCfg = Release|Any CPU
		{65F93FA9-09E5-3708-BDAF-BE93DCCBF9CC}.Release|Any CPU.Build.0 = Release|Any CPU
		{388D96B2-5D9F-17D4-C1AF-B87D80019AF2}.Debug|Any CPU.ActiveCfg = Debug|Any CPU
		{388D96B2-5D9F-17D4-C1AF-B87D80019AF2}.Debug|Any CPU.Build.0 = Debug|Any CPU
		{388D96B2-5D9F-17D4-C1AF-B87D80019AF2}.Release|Any CPU.ActiveCfg = Release|Any CPU
		{388D96B2-5D9F-17D4-C1AF-B87D80019AF2}.Release|Any CPU.Build.0 = Release|Any CPU
		{5145132D-4172-27DB-20A2-6824238600B8}.Debug|Any CPU.ActiveCfg = Debug|Any CPU
		{5145132D-4172-27DB-20A2-6824238600B8}.Debug|Any CPU.Build.0 = Debug|Any CPU
		{5145132D-4172-27DB-20A2-6824238600B8}.Release|Any CPU.ActiveCfg = Release|Any CPU
		{5145132D-4172-27DB-20A2-6824238600B8}.Release|Any CPU.Build.0 = Release|Any CPU
	EndGlobalSection
	GlobalSection(SolutionProperties) = preSolution
		HideSolutionNode = FALSE
	EndGlobalSection
EndGlobal
